
Microsoft Visual Studio Solution File, Format Version 12.00
# Visual Studio Version 17
VisualStudioVersion = 17.5.33516.290
MinimumVisualStudioVersion = 10.0.40219.1
Project("{FAE04EC0-301F-11D3-BF4B-00C04F79EFBC}") = "EcommerceMVC", "EcommerceMVC\EcommerceMVC.csproj", "{1A5FF49A-0E27-440F-AD68-B3A1D6785BFC}"
EndProject
Global
	GlobalSection(SolutionConfigurationPlatforms) = preSolution
		Debug|Any CPU = Debug|Any CPU
		Release|Any CPU = Release|Any CPU
	EndGlobalSection
	GlobalSection(ProjectConfigurationPlatforms) = postSolution
		{1A5FF49A-0E27-440F-AD68-B3A1D6785BFC}.Debug|Any CPU.ActiveCfg = Debug|Any CPU
		{1A5FF49A-0E27-440F-AD68-B3A1D6785BFC}.Debug|Any CPU.Build.0 = Debug|Any CPU
		{1A5FF49A-0E27-440F-AD68-B3A1D6785BFC}.Release|Any CPU.ActiveCfg = Release|Any CPU
		{1A5FF49A-0E27-440F-AD68-B3A1D6785BFC}.Release|Any CPU.Build.0 = Release|Any CPU
	EndGlobalSection
	GlobalSection(SolutionProperties) = preSolution
		HideSolutionNode = FALSE
	EndGlobalSection
	GlobalSection(ExtensibilityGlobals) = postSolution
		SolutionGuid = {F4F8779E-331F-47B9-BE84-93BFDD1DE5EE}
	EndGlobalSection
EndGlobal
